
Microsoft Visual Studio Solution File, Format Version 12.00
# Visual Studio Version 16
VisualStudioVersion = 16.0.29926.136
MinimumVisualStudioVersion = 10.0.40219.1
Project("{FAE04EC0-301F-11D3-BF4B-00C04F79EFBC}") = "Busquedas", "Busquedas.csproj", "{EC1816BA-86DF-43C3-91AE-4F5C35DD2D24}"
EndProject
Global
	GlobalSection(SolutionConfigurationPlatforms) = preSolution
		Debug|Any CPU = Debug|Any CPU
		Release|Any CPU = Release|Any CPU
	EndGlobalSection
	GlobalSection(ProjectConfigurationPlatforms) = postSolution
		{EC1816BA-86DF-43C3-91AE-4F5C35DD2D24}.Debug|Any CPU.ActiveCfg = Debug|Any CPU
		{EC1816BA-86DF-43C3-91AE-4F5C35DD2D24}.Debug|Any CPU.Build.0 = Debug|Any CPU
		{EC1816BA-86DF-43C3-91AE-4F5C35DD2D24}.Release|Any CPU.ActiveCfg = Release|Any CPU
		{EC1816BA-86DF-43C3-91AE-4F5C35DD2D24}.Release|Any CPU.Build.0 = Release|Any CPU
	EndGlobalSection
	GlobalSection(SolutionProperties) = preSolution
		HideSolutionNode = FALSE
	EndGlobalSection
	GlobalSection(ExtensibilityGlobals) = postSolution
		SolutionGuid = {00076191-8F42-460D-A8B6-74C10E8C06D7}
	EndGlobalSection
EndGlobal
